
Microsoft Visual Studio Solution File, Format Version 12.00
# Visual Studio Version 17
VisualStudioVersion = 17.0.31903.59
MinimumVisualStudioVersion = 10.0.40219.1
Project("{2150E333-8FDC-42A3-9474-1A3956D46DE8}") = "src", "src", "{827E0CD3-B72D-47B6-A68D-7590B98EB39B}"
EndProject
Project("{FAE04EC0-301F-11D3-BF4B-00C04F79EFBC}") = "SongSense.App", "src\SongSense.App\SongSense.App.csproj", "{BDA427A0-681D-4F91-B896-608C047C598A}"
EndProject
Project("{FAE04EC0-301F-11D3-BF4B-00C04F79EFBC}") = "SongSense.Core", "src\SongSense.Core\SongSense.Core.csproj", "{D0BB4B47-F3B2-43A7-95C3-B552774F9345}"
EndProject
Project("{FAE04EC0-301F-11D3-BF4B-00C04F79EFBC}") = "SongSense.Infrastructure", "src\SongSense.Infrastructure\SongSense.Infrastructure.csproj", "{55614D45-2C02-4B0C-88DD-57374BD27BDE}"
EndProject
Project("{2150E333-8FDC-42A3-9474-1A3956D46DE8}") = "tests", "tests", "{0AB3BF05-4346-4AA6-1389-037BE0695223}"
EndProject
Project("{FAE04EC0-301F-11D3-BF4B-00C04F79EFBC}") = "SongSense.Tests", "tests\SongSense.Tests\SongSense.Tests.csproj", "{3F06CDBA-6EC2-45D2-A4D9-8AD2811CC599}"
EndProject
Global
	GlobalSection(SolutionConfigurationPlatforms) = preSolution
		Debug|Any CPU = Debug|Any CPU
		Debug|x64 = Debug|x64
		Debug|x86 = Debug|x86
		Release|Any CPU = Release|Any CPU
		Release|x64 = Release|x64
		Release|x86 = Release|x86
	EndGlobalSection
	GlobalSection(ProjectConfigurationPlatforms) = postSolution
		{BDA427A0-681D-4F91-B896-608C047C598A}.Debug|Any CPU.ActiveCfg = Debug|Any CPU
		{BDA427A0-681D-4F91-B896-608C047C598A}.Debug|Any CPU.Build.0 = Debug|Any CPU
		{BDA427A0-681D-4F91-B896-608C047C598A}.Debug|x64.ActiveCfg = Debug|Any CPU
		{BDA427A0-681D-4F91-B896-608C047C598A}.Debug|x64.Build.0 = Debug|Any CPU
		{BDA427A0-681D-4F91-B896-608C047C598A}.Debug|x86.ActiveCfg = Debug|Any CPU
		{BDA427A0-681D-4F91-B896-608C047C598A}.Debug|x86.Build.0 = Debug|Any CPU
		{BDA427A0-681D-4F91-B896-608C047C598A}.Release|Any CPU.ActiveCfg = Release|Any CPU
		{BDA427A0-681D-4F91-B896-608C047C598A}.Release|Any CPU.Build.0 = Release|Any CPU
		{BDA427A0-681D-4F91-B896-608C047C598A}.Release|x64.ActiveCfg = Release|Any CPU
		{BDA427A0-681D-4F91-B896-608C047C598A}.Release|x64.Build.0 = Release|Any CPU
		{BDA427A0-681D-4F91-B896-608C047C598A}.Release|x86.ActiveCfg = Release|Any CPU
		{BDA427A0-681D-4F91-B896-608C047C598A}.Release|x86.Build.0 = Release|Any CPU
		{D0BB4B47-F3B2-43A7-95C3-B552774F9345}.Debug|Any CPU.ActiveCfg = Debug|Any CPU
		{D0BB4B47-F3B2-43A7-95C3-B552774F9345}.Debug|Any CPU.Build.0 = Debug|Any CPU
		{D0BB4B47-F3B2-43A7-95C3-B552774F9345}.Debug|x64.ActiveCfg = Debug|Any CPU
		{D0BB4B47-F3B2-43A7-95C3-B552774F9345}.Debug|x64.Build.0 = Debug|Any CPU
		{D0BB4B47-F3B2-43A7-95C3-B552774F9345}.Debug|x86.ActiveCfg = Debug|Any CPU
		{D0BB4B47-F3B2-43A7-95C3-B552774F9345}.Debug|x86.Build.0 = Debug|Any CPU
		{D0BB4B47-F3B2-43A7-95C3-B552774F9345}.Release|Any CPU.ActiveCfg = Release|Any CPU
		{D0BB4B47-F3B2-43A7-95C3-B552774F9345}.Release|Any CPU.Build.0 = Release|Any CPU
		{D0BB4B47-F3B2-43A7-95C3-B552774F9345}.Release|x64.ActiveCfg = Release|Any CPU
		{D0BB4B47-F3B2-43A7-95C3-B552774F9345}.Release|x64.Build.0 = Release|Any CPU
		{D0BB4B47-F3B2-43A7-95C3-B552774F9345}.Release|x86.ActiveCfg = Release|Any CPU
		{D0BB4B47-F3B2-43A7-95C3-B552774F9345}.Release|x86.Build.0 = Release|Any CPU
		{55614D45-2C02-4B0C-88DD-57374BD27BDE}.Debug|Any CPU.ActiveCfg = Debug|Any CPU
		{55614D45-2C02-4B0C-88DD-57374BD27BDE}.Debug|Any CPU.Build.0 = Debug|Any CPU
		{55614D45-2C02-4B0C-88DD-57374BD27BDE}.Debug|x64.ActiveCfg = Debug|Any CPU
		{55614D45-2C02-4B0C-88DD-57374BD27BDE}.Debug|x64.Build.0 = Debug|Any CPU
		{55614D45-2C02-4B0C-88DD-57374BD27BDE}.Debug|x86.ActiveCfg = Debug|Any CPU
		{55614D45-2C02-4B0C-88DD-57374BD27BDE}.Debug|x86.Build.0 = Debug|Any CPU
		{55614D45-2C02-4B0C-88DD-57374BD27BDE}.Release|Any CPU.ActiveCfg = Release|Any CPU
		{55614D45-2C02-4B0C-88DD-57374BD27BDE}.Release|Any CPU.Build.0 = Release|Any CPU
		{55614D45-2C02-4B0C-88DD-57374BD27BDE}.Release|x64.ActiveCfg = Release|Any CPU
		{55614D45-2C02-4B0C-88DD-57374BD27BDE}.Release|x64.Build.0 = Release|Any CPU
		{55614D45-2C02-4B0C-88DD-57374BD27BDE}.Release|x86.ActiveCfg = Release|Any CPU
		{55614D45-2C02-4B0C-88DD-57374BD27BDE}.Release|x86.Build.0 = Release|Any CPU
		{3F06CDBA-6EC2-45D2-A4D9-8AD2811CC599}.Debug|Any CPU.ActiveCfg = Debug|Any CPU
		{3F06CDBA-6EC2-45D2-A4D9-8AD2811CC599}.Debug|Any CPU.Build.0 = Debug|Any CPU
		{3F06CDBA-6EC2-45D2-A4D9-8AD2811CC599}.Debug|x64.ActiveCfg = Debug|Any CPU
		{3F06CDBA-6EC2-45D2-A4D9-8AD2811CC599}.Debug|x64.Build.0 = Debug|Any CPU
		{3F06CDBA-6EC2-45D2-A4D9-8AD2811CC599}.Debug|x86.ActiveCfg = Debug|Any CPU
		{3F06CDBA-6EC2-45D2-A4D9-8AD2811CC599}.Debug|x86.Build.0 = Debug|Any CPU
		{3F06CDBA-6EC2-45D2-A4D9-8AD2811CC599}.Release|Any CPU.ActiveCfg = Release|Any CPU
		{3F06CDBA-6EC2-45D2-A4D9-8AD2811CC599}.Release|Any CPU.Build.0 = Release|Any CPU
		{3F06CDBA-6EC2-45D2-A4D9-8AD2811CC599}.Release|x64.ActiveCfg = Release|Any CPU
		{3F06CDBA-6EC2-45D2-A4D9-8AD2811CC599}.Release|x64.Build.0 = Release|Any CPU
		{3F06CDBA-6EC2-45D2-A4D9-8AD2811CC599}.Release|x86.ActiveCfg = Release|Any CPU
		{3F06CDBA-6EC2-45D2-A4D9-8AD2811CC599}.Release|x86.Build.0 = Release|Any CPU
	EndGlobalSection
	GlobalSection(SolutionProperties) = preSolution
		HideSolutionNode = FALSE
	EndGlobalSection
	GlobalSection(NestedProjects) = preSolution
		{BDA427A0-681D-4F91-B896-608C047C598A} = {827E0CD3-B72D-47B6-A68D-7590B98EB39B}
		{D0BB4B47-F3B2-43A7-95C3-B552774F9345} = {827E0CD3-B72D-47B6-A68D-7590B98EB39B}
		{55614D45-2C02-4B0C-88DD-57374BD27BDE} = {827E0CD3-B72D-47B6-A68D-7590B98EB39B}
		{3F06CDBA-6EC2-45D2-A4D9-8AD2811CC599} = {0AB3BF05-4346-4AA6-1389-037BE0695223}
	EndGlobalSection
EndGlobal
